// !$*UTF8*$!
{
	archiveVersion = 1;
	classes = {
	};
	objectVersion = 46;
	objects = {

/* Begin PBXBuildFile section */
		97526A3C1F5F5D24007457D1 /* AppDelegate.swift in Sources */ = {isa = PBXBuildFile; fileRef = 97526A3B1F5F5D24007457D1 /* AppDelegate.swift */; };
		97526A3E1F5F5D24007457D1 /* ViewController.swift in Sources */ = {isa = PBXBuildFile; fileRef = 97526A3D1F5F5D24007457D1 /* ViewController.swift */; };
		97526A411F5F5D24007457D1 /* Main.storyboard in Resources */ = {isa = PBXBuildFile; fileRef = 97526A3F1F5F5D24007457D1 /* Main.storyboard */; };
		97526A431F5F5D24007457D1 /* Assets.xcassets in Resources */ = {isa = PBXBuildFile; fileRef = 97526A421F5F5D24007457D1 /* Assets.xcassets */; };
		97526A461F5F5D24007457D1 /* LaunchScreen.storyboard in Resources */ = {isa = PBXBuildFile; fileRef = 97526A441F5F5D24007457D1 /* LaunchScreen.storyboard */; };
/* End PBXBuildFile section */

/* Begin PBXFileReference section */
		97526A381F5F5D24007457D1 /* Guess The Number.app */ = {isa = PBXFileReference; explicitFileType = wrapper.application; includeInIndex = 0; path = "Guess The Number.app"; sourceTree = BUILT_PRODUCTS_DIR; };
		97526A3B1F5F5D24007457D1 /* AppDelegate.swift */ = {isa = PBXFileReference; lastKnownFileType = sourcecode.swift; path = AppDelegate.swift; sourceTree = "<group>"; };
		97526A3D1F5F5D24007457D1 /* ViewController.swift */ = {isa = PBXFileReference; lastKnownFileType = sourcecode.swift; path = ViewController.swift; sourceTree = "<group>"; };
		97526A401F5F5D24007457D1 /* Base */ = {isa = PBXFileReference; lastKnownFileType = file.storyboard; name = Base; path = Base.lproj/Main.storyboard; sourceTree = "<group>"; };
		97526A421F5F5D24007457D1 /* Assets.xcassets */ = {isa = PBXFileReference; lastKnownFileType = folder.assetcatalog; path = Assets.xcassets; sourceTree = "<group>"; };
		97526A451F5F5D24007457D1 /* Base */ = {isa = PBXFileReference; lastKnownFileType = file.storyboard; name = Base; path = Base.lproj/LaunchScreen.storyboard; sourceTree = "<group>"; };
		97526A471F5F5D24007457D1 /* Info.plist */ = {isa = PBXFileReference; lastKnownFileType = text.plist.xml; path = Info.plist; sourceTree = "<group>"; };
/* End PBXFileReference section */

/* Begin PBXFrameworksBuildPhase section */
		97526A351F5F5D24007457D1 /* Frameworks */ = {
			isa = PBXFrameworksBuildPhase;
			buildActionMask = 2147483647;
			files = (
			);
			runOnlyForDeploymentPostprocessing = 0;
		};
/* End PBXFrameworksBuildPhase section */

/* Begin PBXGroup section */
		97526A2F1F5F5D24007457D1 = {
			isa = PBXGroup;
			children = (
				97526A3A1F5F5D24007457D1 /* Guess The Number */,
				97526A391F5F5D24007457D1 /* Products */,
			);
			sourceTree = "<group>";
		};
		97526A391F5F5D24007457D1 /* Products */ = {
			isa = PBXGroup;
			children = (
				97526A381F5F5D24007457D1 /* Guess The Number.app */,
			);
			name = Products;
			sourceTree = "<group>";
		};
		97526A3A1F5F5D24007457D1 /* Guess The Number */ = {
			isa = PBXGroup;
			children = (
				97526A4D1F5F5D48007457D1 /* Support */,
				97526A3D1F5F5D24007457D1 /* ViewController.swift */,
				97526A3F1F5F5D24007457D1 /* Main.storyboard */,
			);
			path = "Guess The Number";
			sourceTree = "<group>";
		};
		97526A4D1F5F5D48007457D1 /* Support */ = {
			isa = PBXGroup;
			children = (
				97526A3B1F5F5D24007457D1 /* AppDelegate.swift */,
				97526A421F5F5D24007457D1 /* Assets.xcassets */,
				97526A441F5F5D24007457D1 /* LaunchScreen.storyboard */,
				97526A471F5F5D24007457D1 /* Info.plist */,
			);
			name = Support;
			sourceTree = "<group>";
		};
/* End PBXGroup section */

/* Begin PBXNativeTarget section */
		97526A371F5F5D24007457D1 /* Guess The Number */ = {
			isa = PBXNativeTarget;
			buildConfigurationList = 97526A4A1F5F5D24007457D1 /* Build configuration list for PBXNativeTarget "Guess The Number" */;
			buildPhases = (
				97526A341F5F5D24007457D1 /* Sources */,
				97526A351F5F5D24007457D1 /* Frameworks */,
				97526A361F5F5D24007457D1 /* Resources */,
			);
			buildRules = (
			);
			dependencies = (
			);
			name = "Guess The Number";
			productName = "Guess The Number";
			productReference = 97526A381F5F5D24007457D1 /* Guess The Number.app */;
			productType = "com.apple.product-type.application";
		};
/* End PBXNativeTarget section */

/* Begin PBXProject section */
		97526A301F5F5D24007457D1 /* Project object */ = {
			isa = PBXProject;
			attributes = {
				LastSwiftUpdateCheck = 0830;
				LastUpgradeCheck = 0830;
				ORGANIZATIONNAME = "Kedar Rao";
				TargetAttributes = {
					97526A371F5F5D24007457D1 = {
						CreatedOnToolsVersion = 8.3.3;
						DevelopmentTeam = 7SKJ7LN625;
						ProvisioningStyle = Automatic;
					};
				};
			};
			buildConfigurationList = 97526A331F5F5D24007457D1 /* Build configuration list for PBXProject "Guess The Number" */;
			compatibilityVersion = "Xcode 3.2";
			developmentRegion = English;
			hasScannedForEncodings = 0;
			knownRegions = (
				en,
				Base,
			);
			mainGroup = 97526A2F1F5F5D24007457D1;
			productRefGroup = 97526A391F5F5D24007457D1 /* Products */;
			projectDirPath = "";
			projectRoot = "";
			targets = (
				97526A371F5F5D24007457D1 /* Guess The Number */,
			);
		};
/* End PBXProject section */

/* Begin PBXResourcesBuildPhase section */
		97526A361F5F5D24007457D1 /* Resources */ = {
			isa = PBXResourcesBuildPhase;
			buildActionMask = 2147483647;
			files = (
				97526A461F5F5D24007457D1 /* LaunchScreen.storyboard in Resources */,
				97526A431F5F5D24007457D1 /* Assets.xcassets in Resources */,
				97526A411F5F5D24007457D1 /* Main.storyboard in Resources */,
			);
			runOnlyForDeploymentPostprocessing = 0;
		};
/* End PBXResourcesBuildPhase section */

/* Begin PBXSourcesBuildPhase section */
		97526A341F5F5D24007457D1 /* Sources */ = {
			isa = PBXSourcesBuildPhase;
			buildActionMask = 2147483647;
			files = (
				97526A3E1F5F5D24007457D1 /* ViewController.swift in Sources */,
				97526A3C1F5F5D24007457D1 /* AppDelegate.swift in Sources */,
			);
			runOnlyForDeploymentPostprocessing = 0;
		};
/* End PBXSourcesBuildPhase section */

/* Begin PBXVariantGroup section */
		97526A3F1F5F5D24007457D1 /* Main.storyboard */ = {
			isa = PBXVariantGroup;
			children = (
				97526A401F5F5D24007457D1 /* Base */,
			);
			name = Main.storyboard;
			sourceTree = "<group>";
		};
		97526A441F5F5D24007457D1 /* LaunchScreen.storyboard */ = {
			isa = PBXVariantGroup;
			children = (
				97526A451F5F5D24007457D1 /* Base */,
			);
			name = LaunchScreen.storyboard;
			sourceTree = "<group>";
		};
/* End PBXVariantGroup section */

/* Begin XCBuildConfiguration section */
		97526A481F5F5D24007457D1 /* Debug */ = {
			isa = XCBuildConfiguration;
			buildSettings = {
				ALWAYS_SEARCH_USER_PATHS = NO;
				CLANG_ANALYZER_NONNULL = YES;
				CLANG_ANALYZER_NUMBER_OBJECT_CONVERSION = YES_AGGRESSIVE;
				CLANG_CXX_LANGUAGE_STANDARD = "gnu++0x";
				CLANG_CXX_LIBRARY = "libc++";
				CLANG_ENABLE_MODULES = YES;
				CLANG_ENABLE_OBJC_ARC = YES;
				CLANG_WARN_BOOL_CONVERSION = YES;
				CLANG_WARN_CONSTANT_CONVERSION = YES;
				CLANG_WARN_DIRECT_OBJC_ISA_USAGE = YES_ERROR;
				CLANG_WARN_DOCUMENTATION_COMMENTS = YES;
				CLANG_WARN_EMPTY_BODY = YES;
				CLANG_WARN_ENUM_CONVERSION = YES;
				CLANG_WARN_INFINITE_RECURSION = YES;
				CLANG_WARN_INT_CONVERSION = YES;
				CLANG_WARN_OBJC_ROOT_CLASS = YES_ERROR;
				CLANG_WARN_SUSPICIOUS_MOVE = YES;
				CLANG_WARN_UNREACHABLE_CODE = YES;
				CLANG_WARN__DUPLICATE_METHOD_MATCH = YES;
				"CODE_SIGN_IDENTITY[sdk=iphoneos*]" = "iPhone Developer";
				COPY_PHASE_STRIP = NO;
				DEBUG_INFORMATION_FORMAT = dwarf;
				ENABLE_STRICT_OBJC_MSGSEND = YES;
				ENABLE_TESTABILITY = YES;
				GCC_C_LANGUAGE_STANDARD = gnu99;
				GCC_DYNAMIC_NO_PIC = NO;
				GCC_NO_COMMON_BLOCKS = YES;
				GCC_OPTIMIZATION_LEVEL = 0;
				GCC_PREPROCESSOR_DEFINITIONS = (
					"DEBUG=1",
					"$(inherited)",
				);
				GCC_WARN_64_TO_32_BIT_CONVERSION = YES;
				GCC_WARN_ABOUT_RETURN_TYPE = YES_ERROR;
				GCC_WARN_UNDECLARED_SELECTOR = YES;
				GCC_WARN_UNINITIALIZED_AUTOS = YES_AGGRESSIVE;
				GCC_WARN_UNUSED_FUNCTION = YES;
				GCC_WARN_UNUSED_VARIABLE = YES;
				IPHONEOS_DEPLOYMENT_TARGET = 10.3;
				MTL_ENABLE_DEBUG_INFO = YES;
				ONLY_ACTIVE_ARCH = YES;
				SDKROOT = iphoneos;
				SWIFT_ACTIVE_COMPILATION_CONDITIONS = DEBUG;
				SWIFT_OPTIMIZATION_LEVEL = "-Onone";
				TARGETED_DEVICE_FAMILY = "1,2";
			};
			name = Debug;
		};
		97526A491F5F5D24007457D1 /* Release */ = {
			isa = XCBuildConfiguration;
			buildSettings = {
				ALWAYS_SEARCH_USER_PATHS = NO;
				CLANG_ANALYZER_NONNULL = YES;
				CLANG_ANALYZER_NUMBER_OBJECT_CONVERSION = YES_AGGRESSIVE;
				CLANG_CXX_LANGUAGE_STANDARD = "gnu++0x";
				CLANG_CXX_LIBRARY = "libc++";
				CLANG_ENABLE_MODULES = YES;
				CLANG_ENABLE_OBJC_ARC = YES;
				CLANG_WARN_BOOL_CONVERSION = YES;
				CLANG_WARN_CONSTANT_CONVERSION = YES;
				CLANG_WARN_DIRECT_OBJC_ISA_USAGE = YES_ERROR;
				CLANG_WARN_DOCUMENTATION_COMMENTS = YES;
				CLANG_WARN_EMPTY_BODY = YES;
				CLANG_WARN_ENUM_CONVERSION = YES;
				CLANG_WARN_INFINITE_RECURSION = YES;
				CLANG_WARN_INT_CONVERSION = YES;
				CLANG_WARN_OBJC_ROOT_CLASS = YES_ERROR;
				CLANG_WARN_SUSPICIOUS_MOVE = YES;
				CLANG_WARN_UNREACHABLE_CODE = YES;
				CLANG_WARN__DUPLICATE_METHOD_MATCH = YES;
				"CODE_SIGN_IDENTITY[sdk=iphoneos*]" = "iPhone Developer";
				COPY_PHASE_STRIP = NO;
				DEBUG_INFORMATION_FORMAT = "dwarf-with-dsym";
				ENABLE_NS_ASSERTIONS = NO;
				ENABLE_STRICT_OBJC_MSGSEND = YES;
				GCC_C_LANGUAGE_STANDARD = gnu99;
				GCC_NO_COMMON_BLOCKS = YES;
				GCC_WARN_64_TO_32_BIT_CONVERSION = YES;
				GCC_WARN_ABOUT_RETURN_TYPE = YES_ERROR;
				GCC_WARN_UNDECLARED_SELECTOR = YES;
				GCC_WARN_UNINITIALIZED_AUTOS = YES_AGGRESSIVE;
				GCC_WARN_UNUSED_FUNCTION = YES;
				GCC_WARN_UNUSED_VARIABLE = YES;
				IPHONEOS_DEPLOYMENT_TARGET = 10.3;
				MTL_ENABLE_DEBUG_INFO = NO;
				SDKROOT = iphoneos;
				SWIFT_OPTIMIZATION_LEVEL = "-Owholemodule";
				TARGETED_DEVICE_FAMILY = "1,2";
				VALIDATE_PRODUCT = YES;
			};
			name = Release;
		};
		97526A4B1F5F5D24007457D1 /* Debug */ = {
			isa = XCBuildConfiguration;
			buildSettings = {
				ASSETCATALOG_COMPILER_APPICON_NAME = AppIcon;
				DEVELOPMENT_TEAM = 7SKJ7LN625;
				INFOPLIST_FILE = "Guess The Number/Info.plist";
				LD_RUNPATH_SEARCH_PATHS = "$(inherited) @executable_path/Frameworks";
				PRODUCT_BUNDLE_IDENTIFIER = "com.krao.Guess-The-Number";
				PRODUCT_NAME = "$(TARGET_NAME)";
				SWIFT_VERSION = 3.0;
			};
			name = Debug;
		};
		97526A4C1F5F5D24007457D1 /* Release */ = {
			isa = XCBuildConfiguration;
			buildSettings = {
				ASSETCATALOG_COMPILER_APPICON_NAME = AppIcon;
				DEVELOPMENT_TEAM = 7SKJ7LN625;
				INFOPLIST_FILE = "Guess The Number/Info.plist";
				LD_RUNPATH_SEARCH_PATHS = "$(inherited) @executable_path/Frameworks";
				PRODUCT_BUNDLE_IDENTIFIER = "com.krao.Guess-The-Number";
				PRODUCT_NAME = "$(TARGET_NAME)";
				SWIFT_VERSION = 3.0;
			};
			name = Release;
		};
/* End XCBuildConfiguration section */

/* Begin XCConfigurationList section */
		97526A331F5F5D24007457D1 /* Build configuration list for PBXProject "Guess The Number" */ = {
			isa = XCConfigurationList;
			buildConfigurations = (
				97526A481F5F5D24007457D1 /* Debug */,
				97526A491F5F5D24007457D1 /* Release */,
			);
			defaultConfigurationIsVisible = 0;
			defaultConfigurationName = Release;
		};
		97526A4A1F5F5D24007457D1 /* Build configuration list for PBXNativeTarget "Guess The Number" */ = {
			isa = XCConfigurationList;
			buildConfigurations = (
				97526A4B1F5F5D24007457D1 /* Debug */,
				97526A4C1F5F5D24007457D1 /* Release */,
			);
			defaultConfigurationIsVisible = 0;
		};
/* End XCConfigurationList section */
	};
	rootObject = 97526A301F5F5D24007457D1 /* Project object */;
}
